// !$*UTF8*$!
{
	archiveVersion = 1;
	classes = {
	};
	objectVersion = 46;
	objects = {

/* Begin PBXBuildFile section */
		522FCC591BBA9A9300587682 /* main.m in Sources */ = {isa = PBXBuildFile; fileRef = 522FCC581BBA9A9300587682 /* main.m */; };
		522FCC5C1BBA9A9300587682 /* AppDelegate.m in Sources */ = {isa = PBXBuildFile; fileRef = 522FCC5B1BBA9A9300587682 /* AppDelegate.m */; };
		522FCC5F1BBA9A9300587682 /* ViewController.m in Sources */ = {isa = PBXBuildFile; fileRef = 522FCC5E1BBA9A9300587682 /* ViewController.m */; };
		522FCC641BBA9A9300587682 /* Assets.xcassets in Resources */ = {isa = PBXBuildFile; fileRef = 522FCC631BBA9A9300587682 /* Assets.xcassets */; };
		522FCC701BBA9B7000587682 /* ModalViewController.m in Sources */ = {isa = PBXBuildFile; fileRef = 522FCC6F1BBA9B7000587682 /* ModalViewController.m */; settings = {ASSET_TAGS = (); }; };
/* End PBXBuildFile section */

/* Begin PBXFileReference section */
		522FCC541BBA9A9300587682 /* testspinner.app */ = {isa = PBXFileReference; explicitFileType = wrapper.application; includeInIndex = 0; path = testspinner.app; sourceTree = BUILT_PRODUCTS_DIR; };
		522FCC581BBA9A9300587682 /* main.m */ = {isa = PBXFileReference; lastKnownFileType = sourcecode.c.objc; path = main.m; sourceTree = "<group>"; };
		522FCC5A1BBA9A9300587682 /* AppDelegate.h */ = {isa = PBXFileReference; lastKnownFileType = sourcecode.c.h; path = AppDelegate.h; sourceTree = "<group>"; };
		522FCC5B1BBA9A9300587682 /* AppDelegate.m */ = {isa = PBXFileReference; lastKnownFileType = sourcecode.c.objc; path = AppDelegate.m; sourceTree = "<group>"; };
		522FCC5D1BBA9A9300587682 /* ViewController.h */ = {isa = PBXFileReference; lastKnownFileType = sourcecode.c.h; path = ViewController.h; sourceTree = "<group>"; };
		522FCC5E1BBA9A9300587682 /* ViewController.m */ = {isa = PBXFileReference; lastKnownFileType = sourcecode.c.objc; path = ViewController.m; sourceTree = "<group>"; };
		522FCC631BBA9A9300587682 /* Assets.xcassets */ = {isa = PBXFileReference; lastKnownFileType = folder.assetcatalog; path = Assets.xcassets; sourceTree = "<group>"; };
		522FCC681BBA9A9300587682 /* Info.plist */ = {isa = PBXFileReference; lastKnownFileType = text.plist.xml; path = Info.plist; sourceTree = "<group>"; };
		522FCC6E1BBA9B7000587682 /* ModalViewController.h */ = {isa = PBXFileReference; fileEncoding = 4; lastKnownFileType = sourcecode.c.h; path = ModalViewController.h; sourceTree = "<group>"; };
		522FCC6F1BBA9B7000587682 /* ModalViewController.m */ = {isa = PBXFileReference; fileEncoding = 4; lastKnownFileType = sourcecode.c.objc; path = ModalViewController.m; sourceTree = "<group>"; };
/* End PBXFileReference section */

/* Begin PBXFrameworksBuildPhase section */
		522FCC511BBA9A9300587682 /* Frameworks */ = {
			isa = PBXFrameworksBuildPhase;
			buildActionMask = 2147483647;
			files = (
			);
			runOnlyForDeploymentPostprocessing = 0;
		};
/* End PBXFrameworksBuildPhase section */

/* Begin PBXGroup section */
		522FCC4B1BBA9A9300587682 = {
			isa = PBXGroup;
			children = (
				522FCC561BBA9A9300587682 /* testspinner */,
				522FCC551BBA9A9300587682 /* Products */,
			);
			sourceTree = "<group>";
		};
		522FCC551BBA9A9300587682 /* Products */ = {
			isa = PBXGroup;
			children = (
				522FCC541BBA9A9300587682 /* testspinner.app */,
			);
			name = Products;
			sourceTree = "<group>";
		};
		522FCC561BBA9A9300587682 /* testspinner */ = {
			isa = PBXGroup;
			children = (
				522FCC5A1BBA9A9300587682 /* AppDelegate.h */,
				522FCC5B1BBA9A9300587682 /* AppDelegate.m */,
				522FCC5D1BBA9A9300587682 /* ViewController.h */,
				522FCC5E1BBA9A9300587682 /* ViewController.m */,
				522FCC631BBA9A9300587682 /* Assets.xcassets */,
				522FCC681BBA9A9300587682 /* Info.plist */,
				522FCC571BBA9A9300587682 /* Supporting Files */,
				522FCC6E1BBA9B7000587682 /* ModalViewController.h */,
				522FCC6F1BBA9B7000587682 /* ModalViewController.m */,
			);
			path = testspinner;
			sourceTree = "<group>";
		};
		522FCC571BBA9A9300587682 /* Supporting Files */ = {
			isa = PBXGroup;
			children = (
				522FCC581BBA9A9300587682 /* main.m */,
			);
			name = "Supporting Files";
			sourceTree = "<group>";
		};
/* End PBXGroup section */

/* Begin PBXNativeTarget section */
		522FCC531BBA9A9300587682 /* testspinner */ = {
			isa = PBXNativeTarget;
			buildConfigurationList = 522FCC6B1BBA9A9300587682 /* Build configuration list for PBXNativeTarget "testspinner" */;
			buildPhases = (
				522FCC501BBA9A9300587682 /* Sources */,
				522FCC511BBA9A9300587682 /* Frameworks */,
				522FCC521BBA9A9300587682 /* Resources */,
			);
			buildRules = (
			);
			dependencies = (
			);
			name = testspinner;
			productName = testspinner;
			productReference = 522FCC541BBA9A9300587682 /* testspinner.app */;
			productType = "com.apple.product-type.application";
		};
/* End PBXNativeTarget section */

/* Begin PBXProject section */
		522FCC4C1BBA9A9300587682 /* Project object */ = {
			isa = PBXProject;
			attributes = {
				LastUpgradeCheck = 0700;
				ORGANIZATIONNAME = TAPWORK;
				TargetAttributes = {
					522FCC531BBA9A9300587682 = {
						CreatedOnToolsVersion = 7.0;
					};
				};
			};
			buildConfigurationList = 522FCC4F1BBA9A9300587682 /* Build configuration list for PBXProject "testspinner" */;
			compatibilityVersion = "Xcode 3.2";
			developmentRegion = English;
			hasScannedForEncodings = 0;
			knownRegions = (
				en,
				Base,
			);
			mainGroup = 522FCC4B1BBA9A9300587682;
			productRefGroup = 522FCC551BBA9A9300587682 /* Products */;
			projectDirPath = "";
			projectRoot = "";
			targets = (
				522FCC531BBA9A9300587682 /* testspinner */,
			);
		};
/* End PBXProject section */

/* Begin PBXResourcesBuildPhase section */
		522FCC521BBA9A9300587682 /* Resources */ = {
			isa = PBXResourcesBuildPhase;
			buildActionMask = 2147483647;
			files = (
				522FCC641BBA9A9300587682 /* Assets.xcassets in Resources */,
			);
			runOnlyForDeploymentPostprocessing = 0;
		};
/* End PBXResourcesBuildPhase section */

/* Begin PBXSourcesBuildPhase section */
		522FCC501BBA9A9300587682 /* Sources */ = {
			isa = PBXSourcesBuildPhase;
			buildActionMask = 2147483647;
			files = (
				522FCC701BBA9B7000587682 /* ModalViewController.m in Sources */,
				522FCC5F1BBA9A9300587682 /* ViewController.m in Sources */,
				522FCC5C1BBA9A9300587682 /* AppDelegate.m in Sources */,
				522FCC591BBA9A9300587682 /* main.m in Sources */,
			);
			runOnlyForDeploymentPostprocessing = 0;
		};
/* End PBXSourcesBuildPhase section */

/* Begin XCBuildConfiguration section */
		522FCC691BBA9A9300587682 /* Debug */ = {
			isa = XCBuildConfiguration;
			buildSettings = {
				ALWAYS_SEARCH_USER_PATHS = NO;
				CLANG_CXX_LANGUAGE_STANDARD = "gnu++0x";
				CLANG_CXX_LIBRARY = "libc++";
				CLANG_ENABLE_MODULES = YES;
				CLANG_ENABLE_OBJC_ARC = YES;
				CLANG_WARN_BOOL_CONVERSION = YES;
				CLANG_WARN_CONSTANT_CONVERSION = YES;
				CLANG_WARN_DIRECT_OBJC_ISA_USAGE = YES_ERROR;
				CLANG_WARN_EMPTY_BODY = YES;
				CLANG_WARN_ENUM_CONVERSION = YES;
				CLANG_WARN_INT_CONVERSION = YES;
				CLANG_WARN_OBJC_ROOT_CLASS = YES_ERROR;
				CLANG_WARN_UNREACHABLE_CODE = YES;
				CLANG_WARN__DUPLICATE_METHOD_MATCH = YES;
				"CODE_SIGN_IDENTITY[sdk=iphoneos*]" = "iPhone Developer";
				COPY_PHASE_STRIP = NO;
				DEBUG_INFORMATION_FORMAT = dwarf;
				ENABLE_STRICT_OBJC_MSGSEND = YES;
				ENABLE_TESTABILITY = YES;
				GCC_C_LANGUAGE_STANDARD = gnu99;
				GCC_DYNAMIC_NO_PIC = NO;
				GCC_NO_COMMON_BLOCKS = YES;
				GCC_OPTIMIZATION_LEVEL = 0;
				GCC_PREPROCESSOR_DEFINITIONS = (
					"DEBUG=1",
					"$(inherited)",
				);
				GCC_WARN_64_TO_32_BIT_CONVERSION = YES;
				GCC_WARN_ABOUT_RETURN_TYPE = YES_ERROR;
				GCC_WARN_UNDECLARED_SELECTOR = YES;
				GCC_WARN_UNINITIALIZED_AUTOS = YES_AGGRESSIVE;
				GCC_WARN_UNUSED_FUNCTION = YES;
				GCC_WARN_UNUSED_VARIABLE = YES;
				IPHONEOS_DEPLOYMENT_TARGET = 9.0;
				MTL_ENABLE_DEBUG_INFO = YES;
				ONLY_ACTIVE_ARCH = YES;
				SDKROOT = iphoneos;
				TARGETED_DEVICE_FAMILY = "1,2";
			};
			name = Debug;
		};
		522FCC6A1BBA9A9300587682 /* Release */ = {
			isa = XCBuildConfiguration;
			buildSettings = {
				ALWAYS_SEARCH_USER_PATHS = NO;
				CLANG_CXX_LANGUAGE_STANDARD = "gnu++0x";
				CLANG_CXX_LIBRARY = "libc++";
				CLANG_ENABLE_MODULES = YES;
				CLANG_ENABLE_OBJC_ARC = YES;
				CLANG_WARN_BOOL_CONVERSION = YES;
				CLANG_WARN_CONSTANT_CONVERSION = YES;
				CLANG_WARN_DIRECT_OBJC_ISA_USAGE = YES_ERROR;
				CLANG_WARN_EMPTY_BODY = YES;
				CLANG_WARN_ENUM_CONVERSION = YES;
				CLANG_WARN_INT_CONVERSION = YES;
				CLANG_WARN_OBJC_ROOT_CLASS = YES_ERROR;
				CLANG_WARN_UNREACHABLE_CODE = YES;
				CLANG_WARN__DUPLICATE_METHOD_MATCH = YES;
				"CODE_SIGN_IDENTITY[sdk=iphoneos*]" = "iPhone Developer";
				COPY_PHASE_STRIP = NO;
				DEBUG_INFORMATION_FORMAT = "dwarf-with-dsym";
				ENABLE_NS_ASSERTIONS = NO;
				ENABLE_STRICT_OBJC_MSGSEND = YES;
				GCC_C_LANGUAGE_STANDARD = gnu99;
				GCC_NO_COMMON_BLOCKS = YES;
				GCC_WARN_64_TO_32_BIT_CONVERSION = YES;
				GCC_WARN_ABOUT_RETURN_TYPE = YES_ERROR;
				GCC_WARN_UNDECLARED_SELECTOR = YES;
				GCC_WARN_UNINITIALIZED_AUTOS = YES_AGGRESSIVE;
				GCC_WARN_UNUSED_FUNCTION = YES;
				GCC_WARN_UNUSED_VARIABLE = YES;
				IPHONEOS_DEPLOYMENT_TARGET = 9.0;
				MTL_ENABLE_DEBUG_INFO = NO;
				SDKROOT = iphoneos;
				TARGETED_DEVICE_FAMILY = "1,2";
				VALIDATE_PRODUCT = YES;
			};
			name = Release;
		};
		522FCC6C1BBA9A9300587682 /* Debug */ = {
			isa = XCBuildConfiguration;
			buildSettings = {
				ASSETCATALOG_COMPILER_APPICON_NAME = AppIcon;
				INFOPLIST_FILE = testspinner/Info.plist;
				LD_RUNPATH_SEARCH_PATHS = "$(inherited) @executable_path/Frameworks";
				PRODUCT_BUNDLE_IDENTIFIER = de.tapwork..testspinner;
				PRODUCT_NAME = "$(TARGET_NAME)";
			};
			name = Debug;
		};
		522FCC6D1BBA9A9300587682 /* Release */ = {
			isa = XCBuildConfiguration;
			buildSettings = {
				ASSETCATALOG_COMPILER_APPICON_NAME = AppIcon;
				INFOPLIST_FILE = testspinner/Info.plist;
				LD_RUNPATH_SEARCH_PATHS = "$(inherited) @executable_path/Frameworks";
				PRODUCT_BUNDLE_IDENTIFIER = de.tapwork..testspinner;
				PRODUCT_NAME = "$(TARGET_NAME)";
			};
			name = Release;
		};
/* End XCBuildConfiguration section */

/* Begin XCConfigurationList section */
		522FCC4F1BBA9A9300587682 /* Build configuration list for PBXProject "testspinner" */ = {
			isa = XCConfigurationList;
			buildConfigurations = (
				522FCC691BBA9A9300587682 /* Debug */,
				522FCC6A1BBA9A9300587682 /* Release */,
			);
			defaultConfigurationIsVisible = 0;
			defaultConfigurationName = Release;
		};
		522FCC6B1BBA9A9300587682 /* Build configuration list for PBXNativeTarget "testspinner" */ = {
			isa = XCConfigurationList;
			buildConfigurations = (
				522FCC6C1BBA9A9300587682 /* Debug */,
				522FCC6D1BBA9A9300587682 /* Release */,
			);
			defaultConfigurationIsVisible = 0;
		};
/* End XCConfigurationList section */
	};
	rootObject = 522FCC4C1BBA9A9300587682 /* Project object */;
}
